
Microsoft Visual Studio Solution File, Format Version 12.00
# Visual Studio 15
Project("{FAE04EC0-301F-11D3-BF4B-00C04F79EFBC}") = "Unity.Timeline", "Unity.Timeline.csproj", "{2013A2D7-1B63-29CE-7328-3AA9EAAA8FED}"
EndProject
Project("{FAE04EC0-301F-11D3-BF4B-00C04F79EFBC}") = "Unity.Timeline.Editor", "Unity.Timeline.Editor.csproj", "{48D5A78A-E36F-6270-2473-6170742774C1}"
EndProject
Project("{FAE04EC0-301F-11D3-BF4B-00C04F79EFBC}") = "Unity.2D.Tilemap.Editor", "Unity.2D.Tilemap.Editor.csproj", "{C37C3D7F-18FB-0985-D168-E73E0BE031F9}"
EndProject
Project("{FAE04EC0-301F-11D3-BF4B-00C04F79EFBC}") = "Unity.TextMeshPro.Editor", "Unity.TextMeshPro.Editor.csproj", "{3787BE44-22FA-FD7C-A698-1903506C7391}"
EndProject
Project("{FAE04EC0-301F-11D3-BF4B-00C04F79EFBC}") = "Unity.2D.Aseprite.Editor", "Unity.2D.Aseprite.Editor.csproj", "{C1BF834B-C3F1-8F80-FBE7-3FB0801F6D4C}"
EndProject
Project("{FAE04EC0-301F-11D3-BF4B-00C04F79EFBC}") = "Unity.VisualScripting.Flow", "Unity.VisualScripting.Flow.csproj", "{6C79F95D-DAC5-1C3A-6B5E-CDB07F68FE88}"
EndProject
Project("{FAE04EC0-301F-11D3-BF4B-00C04F79EFBC}") = "UnityEditor.UI", "UnityEditor.UI.csproj", "{01626217-730C-9FCD-AED8-10500FC12460}"
EndProject
Project("{FAE04EC0-301F-11D3-BF4B-00C04F79EFBC}") = "Unity.PlasticSCM.Editor", "Unity.PlasticSCM.Editor.csproj", "{7C11E21C-B825-B289-6E79-AC4AD2DAF536}"
EndProject
Project("{FAE04EC0-301F-11D3-BF4B-00C04F79EFBC}") = "Unity.2D.Psdimporter.Editor", "Unity.2D.Psdimporter.Editor.csproj", "{8C9E6732-30E1-1632-35A7-5586BB312222}"
EndProject
Project("{FAE04EC0-301F-11D3-BF4B-00C04F79EFBC}") = "Unity.VisualScripting.Core", "Unity.VisualScripting.Core.csproj", "{EC086356-060B-A491-F4C4-0C9C24C1C176}"
EndProject
Project("{FAE04EC0-301F-11D3-BF4B-00C04F79EFBC}") = "Unity.Mathematics", "Unity.Mathematics.csproj", "{AD0FFD78-684D-B55A-6B84-68D8774D3977}"
EndProject
Project("{FAE04EC0-301F-11D3-BF4B-00C04F79EFBC}") = "Unity.2D.Animation.Editor", "Unity.2D.Animation.Editor.csproj", "{D5AB205D-012B-028B-7515-96A47ADF28B0}"
EndProject
Project("{FAE04EC0-301F-11D3-BF4B-00C04F79EFBC}") = "Unity.2D.Common.Path.Editor", "Unity.2D.Common.Path.Editor.csproj", "{8329658F-C680-4DE4-2382-BB014E5C64A3}"
EndProject
Project("{FAE04EC0-301F-11D3-BF4B-00C04F79EFBC}") = "Cinemachine", "Cinemachine.csproj", "{47D1DCDB-FDEF-E787-92B2-AA58DEB63B5F}"
EndProject
Project("{FAE04EC0-301F-11D3-BF4B-00C04F79EFBC}") = "Unity.VisualScripting.Core.Editor", "Unity.VisualScripting.Core.Editor.csproj", "{E8AF62D3-EF64-1D63-A5EF-5C4E93A83901}"
EndProject
Project("{FAE04EC0-301F-11D3-BF4B-00C04F79EFBC}") = "Unity.2D.IK.Runtime", "Unity.2D.IK.Runtime.csproj", "{81E0AEFA-1595-8423-7891-29FDB5408E3C}"
EndProject
Project("{FAE04EC0-301F-11D3-BF4B-00C04F79EFBC}") = "Unity.VisualScripting.Flow.Editor", "Unity.VisualScripting.Flow.Editor.csproj", "{F8E837B0-1451-681F-FE2D-7A4468BA1262}"
EndProject
Project("{FAE04EC0-301F-11D3-BF4B-00C04F79EFBC}") = "UnityEditor.TestRunner", "UnityEditor.TestRunner.csproj", "{CD61C20B-E181-E0CC-F0FF-7EC30455B2C8}"
EndProject
Project("{FAE04EC0-301F-11D3-BF4B-00C04F79EFBC}") = "Unity.VisualScripting.SettingsProvider.Editor", "Unity.VisualScripting.SettingsProvider.Editor.csproj", "{4981AD70-0F21-4331-DD69-496B979F7153}"
EndProject
Project("{FAE04EC0-301F-11D3-BF4B-00C04F79EFBC}") = "UnityEngine.TestRunner", "UnityEngine.TestRunner.csproj", "{6F098D23-FC6D-49D6-D13B-C9F49A12EC49}"
EndProject
Project("{FAE04EC0-301F-11D3-BF4B-00C04F79EFBC}") = "PsdPlugin", "PsdPlugin.csproj", "{76D7F990-1A73-689C-8E42-1033FBC45072}"
EndProject
Project("{FAE04EC0-301F-11D3-BF4B-00C04F79EFBC}") = "Unity.Burst", "Unity.Burst.csproj", "{67EE6735-6643-6211-343A-4135DC0CC99F}"
EndProject
Project("{FAE04EC0-301F-11D3-BF4B-00C04F79EFBC}") = "UnityEngine.UI", "UnityEngine.UI.csproj", "{69968360-67AC-64F2-1703-221A0907E7CF}"
EndProject
Project("{FAE04EC0-301F-11D3-BF4B-00C04F79EFBC}") = "Unity.2D.SpriteShape.Editor", "Unity.2D.SpriteShape.Editor.csproj", "{912DAB39-74C0-958C-AAEA-11FE83848C4A}"
EndProject
Project("{FAE04EC0-301F-11D3-BF4B-00C04F79EFBC}") = "Unity.Collections", "Unity.Collections.csproj", "{C85D727E-ED22-CAA7-A9C6-55786CDE95F1}"
EndProject
Project("{FAE04EC0-301F-11D3-BF4B-00C04F79EFBC}") = "Unity.VisualStudio.Editor", "Unity.VisualStudio.Editor.csproj", "{FC16EFFC-4F12-9F7A-6647-6EFEE948D489}"
EndProject
Project("{FAE04EC0-301F-11D3-BF4B-00C04F79EFBC}") = "com.unity.cinemachine.editor", "com.unity.cinemachine.editor.csproj", "{648C4F42-FEFD-3649-81F9-3746222915D4}"
EndProject
Project("{FAE04EC0-301F-11D3-BF4B-00C04F79EFBC}") = "Unity.2D.Tilemap.Extras.Editor", "Unity.2D.Tilemap.Extras.Editor.csproj", "{F79EFC89-D228-8EA1-7F5F-039F71A471BA}"
EndProject
Project("{FAE04EC0-301F-11D3-BF4B-00C04F79EFBC}") = "Unity.Rider.Editor", "Unity.Rider.Editor.csproj", "{110EDAEA-9B7D-3BB3-CF6D-CD2C2289B55C}"
EndProject
Project("{FAE04EC0-301F-11D3-BF4B-00C04F79EFBC}") = "Unity.InternalAPIEditorBridge.001", "Unity.InternalAPIEditorBridge.001.csproj", "{4E7AF324-BC68-959A-97BC-05FAEF7ABB54}"
EndProject
Project("{FAE04EC0-301F-11D3-BF4B-00C04F79EFBC}") = "Unity.2D.SpriteShape.Runtime", "Unity.2D.SpriteShape.Runtime.csproj", "{631B9130-032C-AC52-1D51-FEE252EF0B11}"
EndProject
Project("{FAE04EC0-301F-11D3-BF4B-00C04F79EFBC}") = "Unity.VisualScripting.State.Editor", "Unity.VisualScripting.State.Editor.csproj", "{6249BA70-B828-7E31-D474-AD919F227FAF}"
EndProject
Project("{FAE04EC0-301F-11D3-BF4B-00C04F79EFBC}") = "Unity.2D.Animation.Runtime", "Unity.2D.Animation.Runtime.csproj", "{1704A064-6A9F-A60E-AF15-6821122B3464}"
EndProject
Project("{FAE04EC0-301F-11D3-BF4B-00C04F79EFBC}") = "Unity.Burst.CodeGen", "Unity.Burst.CodeGen.csproj", "{18B632DA-3250-4206-B7D2-4803BC3F044B}"
EndProject
Project("{FAE04EC0-301F-11D3-BF4B-00C04F79EFBC}") = "Assembly-CSharp", "Assembly-CSharp.csproj", "{5F88035E-6E58-BA27-CFF1-F2F4A3A8C3A5}"
EndProject
Project("{FAE04EC0-301F-11D3-BF4B-00C04F79EFBC}") = "Unity.2D.Tilemap.Extras", "Unity.2D.Tilemap.Extras.csproj", "{3CC4E876-B666-1CF7-55D3-2C2EC0025889}"
EndProject
Project("{FAE04EC0-301F-11D3-BF4B-00C04F79EFBC}") = "Unity.VisualScripting.State", "Unity.VisualScripting.State.csproj", "{8862EECD-0F15-5917-D1FE-C81067791DCC}"
EndProject
Project("{FAE04EC0-301F-11D3-BF4B-00C04F79EFBC}") = "Unity.TextMeshPro", "Unity.TextMeshPro.csproj", "{5D90E1F2-6025-0103-1C0A-9CBCA5ABB299}"
EndProject
Project("{FAE04EC0-301F-11D3-BF4B-00C04F79EFBC}") = "Unity.2D.Aseprite.Common", "Unity.2D.Aseprite.Common.csproj", "{D9FCB77C-9A18-5F40-6742-837C1A9C9801}"
EndProject
Project("{FAE04EC0-301F-11D3-BF4B-00C04F79EFBC}") = "Unity.2D.IK.Editor", "Unity.2D.IK.Editor.csproj", "{3171A5E8-25DC-68E5-72CA-133383549400}"
EndProject
Project("{FAE04EC0-301F-11D3-BF4B-00C04F79EFBC}") = "Unity.InternalAPIEngineBridge.001", "Unity.InternalAPIEngineBridge.001.csproj", "{A64D5365-7C20-828A-4487-1384AF512655}"
EndProject
Project("{FAE04EC0-301F-11D3-BF4B-00C04F79EFBC}") = "Unity.Burst.Editor", "Unity.Burst.Editor.csproj", "{27E14607-68A6-D534-E4F2-996FD08DDCDE}"
EndProject
Project("{FAE04EC0-301F-11D3-BF4B-00C04F79EFBC}") = "Unity.2D.Common.Editor", "Unity.2D.Common.Editor.csproj", "{C7926CDC-0DEC-A2BD-D23A-6330044EC694}"
EndProject
Project("{FAE04EC0-301F-11D3-BF4B-00C04F79EFBC}") = "Unity.2D.Sprite.Editor", "Unity.2D.Sprite.Editor.csproj", "{90DCD4BA-2233-302F-4960-3DA761E1B9F5}"
EndProject
Project("{FAE04EC0-301F-11D3-BF4B-00C04F79EFBC}") = "Unity.2D.PixelPerfect", "Unity.2D.PixelPerfect.csproj", "{6E9C232B-B09C-C895-36C1-172248B875BD}"
EndProject
Project("{FAE04EC0-301F-11D3-BF4B-00C04F79EFBC}") = "Unity.2D.PixelPerfect.Editor", "Unity.2D.PixelPerfect.Editor.csproj", "{47A99075-3602-9662-891F-5D6B2BAE8421}"
EndProject
Project("{FAE04EC0-301F-11D3-BF4B-00C04F79EFBC}") = "Unity.2D.Common.Runtime", "Unity.2D.Common.Runtime.csproj", "{EE393192-7937-F3D5-CAA5-3FFCCADC752D}"
EndProject
Project("{FAE04EC0-301F-11D3-BF4B-00C04F79EFBC}") = "Unity.Mathematics.Editor", "Unity.Mathematics.Editor.csproj", "{1AEE103C-43B4-5031-87AD-CDD23D15A319}"
EndProject
Project("{FAE04EC0-301F-11D3-BF4B-00C04F79EFBC}") = "Unity.Collections.BurstCompatibilityGen", "Unity.Collections.BurstCompatibilityGen.csproj", "{CF8E9177-5CA5-73C2-A02C-D3D8560B7766}"
EndProject
Project("{FAE04EC0-301F-11D3-BF4B-00C04F79EFBC}") = "Unity.VisualScripting.Shared.Editor", "Unity.VisualScripting.Shared.Editor.csproj", "{7E06FAEB-277D-209A-D250-BE3644B040FE}"
EndProject
Project("{FAE04EC0-301F-11D3-BF4B-00C04F79EFBC}") = "Unity.Collections.DocCodeSamples", "Unity.Collections.DocCodeSamples.csproj", "{CBB59CB1-9D77-2B1B-8324-4C7FA56F2CBC}"
EndProject
Project("{FAE04EC0-301F-11D3-BF4B-00C04F79EFBC}") = "Unity.CollabProxy.Editor", "Unity.CollabProxy.Editor.csproj", "{29B9ACAF-EEF9-CF79-320B-B773E7B544CD}"
EndProject
Project("{FAE04EC0-301F-11D3-BF4B-00C04F79EFBC}") = "Unity.Timeline", "Unity.Timeline.Player.csproj", "{E103C325-CC44-B5F4-15F9-F948B56263D2}"
EndProject
Project("{FAE04EC0-301F-11D3-BF4B-00C04F79EFBC}") = "Unity.VisualScripting.Flow", "Unity.VisualScripting.Flow.Player.csproj", "{0D0236E0-DD7B-3458-41B3-A2B121224382}"
EndProject
Project("{FAE04EC0-301F-11D3-BF4B-00C04F79EFBC}") = "Unity.VisualScripting.Core", "Unity.VisualScripting.Core.Player.csproj", "{5BE9A420-F37C-D82E-4086-3027FA13DCD5}"
EndProject
Project("{FAE04EC0-301F-11D3-BF4B-00C04F79EFBC}") = "Unity.Mathematics", "Unity.Mathematics.Player.csproj", "{39B9E28D-3D70-545D-DFDD-70FB0DA71493}"
EndProject
Project("{FAE04EC0-301F-11D3-BF4B-00C04F79EFBC}") = "Cinemachine", "Cinemachine.Player.csproj", "{01CE3061-4ACB-1068-EB00-0132899BF310}"
EndProject
Project("{FAE04EC0-301F-11D3-BF4B-00C04F79EFBC}") = "Unity.2D.IK.Runtime", "Unity.2D.IK.Runtime.Player.csproj", "{414BB035-40E5-86FA-F8E8-80527F90C981}"
EndProject
Project("{FAE04EC0-301F-11D3-BF4B-00C04F79EFBC}") = "UnityEngine.TestRunner", "UnityEngine.TestRunner.Player.csproj", "{8DE1587F-904F-1C86-09D5-E4D08277422C}"
EndProject
Project("{FAE04EC0-301F-11D3-BF4B-00C04F79EFBC}") = "Unity.Burst", "Unity.Burst.Player.csproj", "{5B510961-5DEA-75A8-B9E4-72CADBB21592}"
EndProject
Project("{FAE04EC0-301F-11D3-BF4B-00C04F79EFBC}") = "UnityEngine.UI", "UnityEngine.UI.Player.csproj", "{6877D814-857C-EE8C-4305-F9B79874BCCC}"
EndProject
Project("{FAE04EC0-301F-11D3-BF4B-00C04F79EFBC}") = "Unity.Collections", "Unity.Collections.Player.csproj", "{28E81316-809E-C883-C109-8186BC9EC7E0}"
EndProject
Project("{FAE04EC0-301F-11D3-BF4B-00C04F79EFBC}") = "Unity.2D.SpriteShape.Runtime", "Unity.2D.SpriteShape.Runtime.Player.csproj", "{CBC2845C-10B4-1C72-AA3A-C6B38EDC7E14}"
EndProject
Project("{FAE04EC0-301F-11D3-BF4B-00C04F79EFBC}") = "Unity.2D.Animation.Runtime", "Unity.2D.Animation.Runtime.Player.csproj", "{700DF615-E49C-C9CB-5D71-F954B0714D53}"
EndProject
Project("{FAE04EC0-301F-11D3-BF4B-00C04F79EFBC}") = "Assembly-CSharp", "Assembly-CSharp.Player.csproj", "{431A4AE3-97E6-2B20-3DC9-FF6B6DC3E8CA}"
EndProject
Project("{FAE04EC0-301F-11D3-BF4B-00C04F79EFBC}") = "Unity.2D.Tilemap.Extras", "Unity.2D.Tilemap.Extras.Player.csproj", "{1FA3244E-B2E0-93F6-4F01-FBB9F5E673F7}"
EndProject
Project("{FAE04EC0-301F-11D3-BF4B-00C04F79EFBC}") = "Unity.VisualScripting.State", "Unity.VisualScripting.State.Player.csproj", "{A090ABB6-7401-F6B5-218E-61B35F1B804E}"
EndProject
Project("{FAE04EC0-301F-11D3-BF4B-00C04F79EFBC}") = "Unity.TextMeshPro", "Unity.TextMeshPro.Player.csproj", "{F54A915D-6C37-BDBC-8A30-0ED2B1F76F71}"
EndProject
Project("{FAE04EC0-301F-11D3-BF4B-00C04F79EFBC}") = "Unity.InternalAPIEngineBridge.001", "Unity.InternalAPIEngineBridge.001.Player.csproj", "{B26E6A74-DDE2-51D9-FDCE-B79F8C4FCAA1}"
EndProject
Project("{FAE04EC0-301F-11D3-BF4B-00C04F79EFBC}") = "Unity.2D.PixelPerfect", "Unity.2D.PixelPerfect.Player.csproj", "{93D7E5F1-6BAC-D528-F6AF-EA38EA6F6FEE}"
EndProject
Project("{FAE04EC0-301F-11D3-BF4B-00C04F79EFBC}") = "Unity.2D.Common.Runtime", "Unity.2D.Common.Runtime.Player.csproj", "{D0A5D805-215F-6243-DD90-AE83F284615A}"
EndProject
Global
	GlobalSection(SolutionConfigurationPlatforms) = preSolution
		Debug|Any CPU = Debug|Any CPU
		Release|Any CPU = Release|Any CPU
	EndGlobalSection
	GlobalSection(ProjectConfigurationPlatforms) = postSolution
		{2013A2D7-1B63-29CE-7328-3AA9EAAA8FED}.Debug|Any CPU.ActiveCfg = Debug|Any CPU
		{2013A2D7-1B63-29CE-7328-3AA9EAAA8FED}.Debug|Any CPU.Build.0 = Debug|Any CPU
		{2013A2D7-1B63-29CE-7328-3AA9EAAA8FED}.Release|Any CPU.ActiveCfg = Release|Any CPU
		{2013A2D7-1B63-29CE-7328-3AA9EAAA8FED}.Release|Any CPU.Build.0 = Release|Any CPU
		{48D5A78A-E36F-6270-2473-6170742774C1}.Debug|Any CPU.ActiveCfg = Debug|Any CPU
		{48D5A78A-E36F-6270-2473-6170742774C1}.Debug|Any CPU.Build.0 = Debug|Any CPU
		{48D5A78A-E36F-6270-2473-6170742774C1}.Release|Any CPU.ActiveCfg = Release|Any CPU
		{48D5A78A-E36F-6270-2473-6170742774C1}.Release|Any CPU.Build.0 = Release|Any CPU
		{C37C3D7F-18FB-0985-D168-E73E0BE031F9}.Debug|Any CPU.ActiveCfg = Debug|Any CPU
		{C37C3D7F-18FB-0985-D168-E73E0BE031F9}.Debug|Any CPU.Build.0 = Debug|Any CPU
		{C37C3D7F-18FB-0985-D168-E73E0BE031F9}.Release|Any CPU.ActiveCfg = Release|Any CPU
		{C37C3D7F-18FB-0985-D168-E73E0BE031F9}.Release|Any CPU.Build.0 = Release|Any CPU
		{3787BE44-22FA-FD7C-A698-1903506C7391}.Debug|Any CPU.ActiveCfg = Debug|Any CPU
		{3787BE44-22FA-FD7C-A698-1903506C7391}.Debug|Any CPU.Build.0 = Debug|Any CPU
		{3787BE44-22FA-FD7C-A698-1903506C7391}.Release|Any CPU.ActiveCfg = Release|Any CPU
		{3787BE44-22FA-FD7C-A698-1903506C7391}.Release|Any CPU.Build.0 = Release|Any CPU
		{C1BF834B-C3F1-8F80-FBE7-3FB0801F6D4C}.Debug|Any CPU.ActiveCfg = Debug|Any CPU
		{C1BF834B-C3F1-8F80-FBE7-3FB0801F6D4C}.Debug|Any CPU.Build.0 = Debug|Any CPU
		{C1BF834B-C3F1-8F80-FBE7-3FB0801F6D4C}.Release|Any CPU.ActiveCfg = Release|Any CPU
		{C1BF834B-C3F1-8F80-FBE7-3FB0801F6D4C}.Release|Any CPU.Build.0 = Release|Any CPU
		{6C79F95D-DAC5-1C3A-6B5E-CDB07F68FE88}.Debug|Any CPU.ActiveCfg = Debug|Any CPU
		{6C79F95D-DAC5-1C3A-6B5E-CDB07F68FE88}.Debug|Any CPU.Build.0 = Debug|Any CPU
		{6C79F95D-DAC5-1C3A-6B5E-CDB07F68FE88}.Release|Any CPU.ActiveCfg = Release|Any CPU
		{6C79F95D-DAC5-1C3A-6B5E-CDB07F68FE88}.Release|Any CPU.Build.0 = Release|Any CPU
		{01626217-730C-9FCD-AED8-10500FC12460}.Debug|Any CPU.ActiveCfg = Debug|Any CPU
		{01626217-730C-9FCD-AED8-10500FC12460}.Debug|Any CPU.Build.0 = Debug|Any CPU
		{01626217-730C-9FCD-AED8-10500FC12460}.Release|Any CPU.ActiveCfg = Release|Any CPU
		{01626217-730C-9FCD-AED8-10500FC12460}.Release|Any CPU.Build.0 = Release|Any CPU
		{7C11E21C-B825-B289-6E79-AC4AD2DAF536}.Debug|Any CPU.ActiveCfg = Debug|Any CPU
		{7C11E21C-B825-B289-6E79-AC4AD2DAF536}.Debug|Any CPU.Build.0 = Debug|Any CPU
		{7C11E21C-B825-B289-6E79-AC4AD2DAF536}.Release|Any CPU.ActiveCfg = Release|Any CPU
		{7C11E21C-B825-B289-6E79-AC4AD2DAF536}.Release|Any CPU.Build.0 = Release|Any CPU
		{8C9E6732-30E1-1632-35A7-5586BB312222}.Debug|Any CPU.ActiveCfg = Debug|Any CPU
		{8C9E6732-30E1-1632-35A7-5586BB312222}.Debug|Any CPU.Build.0 = Debug|Any CPU
		{8C9E6732-30E1-1632-35A7-5586BB312222}.Release|Any CPU.ActiveCfg = Release|Any CPU
		{8C9E6732-30E1-1632-35A7-5586BB312222}.Release|Any CPU.Build.0 = Release|Any CPU
		{EC086356-060B-A491-F4C4-0C9C24C1C176}.Debug|Any CPU.ActiveCfg = Debug|Any CPU
		{EC086356-060B-A491-F4C4-0C9C24C1C176}.Debug|Any CPU.Build.0 = Debug|Any CPU
		{EC086356-060B-A491-F4C4-0C9C24C1C176}.Release|Any CPU.ActiveCfg = Release|Any CPU
		{EC086356-060B-A491-F4C4-0C9C24C1C176}.Release|Any CPU.Build.0 = Release|Any CPU
		{AD0FFD78-684D-B55A-6B84-68D8774D3977}.Debug|Any CPU.ActiveCfg = Debug|Any CPU
		{AD0FFD78-684D-B55A-6B84-68D8774D3977}.Debug|Any CPU.Build.0 = Debug|Any CPU
		{AD0FFD78-684D-B55A-6B84-68D8774D3977}.Release|Any CPU.ActiveCfg = Release|Any CPU
		{AD0FFD78-684D-B55A-6B84-68D8774D3977}.Release|Any CPU.Build.0 = Release|Any CPU
		{D5AB205D-012B-028B-7515-96A47ADF28B0}.Debug|Any CPU.ActiveCfg = Debug|Any CPU
		{D5AB205D-012B-028B-7515-96A47ADF28B0}.Debug|Any CPU.Build.0 = Debug|Any CPU
		{D5AB205D-012B-028B-7515-96A47ADF28B0}.Release|Any CPU.ActiveCfg = Release|Any CPU
		{D5AB205D-012B-028B-7515-96A47ADF28B0}.Release|Any CPU.Build.0 = Release|Any CPU
		{8329658F-C680-4DE4-2382-BB014E5C64A3}.Debug|Any CPU.ActiveCfg = Debug|Any CPU
		{8329658F-C680-4DE4-2382-BB014E5C64A3}.Debug|Any CPU.Build.0 = Debug|Any CPU
		{8329658F-C680-4DE4-2382-BB014E5C64A3}.Release|Any CPU.ActiveCfg = Release|Any CPU
		{8329658F-C680-4DE4-2382-BB014E5C64A3}.Release|Any CPU.Build.0 = Release|Any CPU
		{47D1DCDB-FDEF-E787-92B2-AA58DEB63B5F}.Debug|Any CPU.ActiveCfg = Debug|Any CPU
		{47D1DCDB-FDEF-E787-92B2-AA58DEB63B5F}.Debug|Any CPU.Build.0 = Debug|Any CPU
		{47D1DCDB-FDEF-E787-92B2-AA58DEB63B5F}.Release|Any CPU.ActiveCfg = Release|Any CPU
		{47D1DCDB-FDEF-E787-92B2-AA58DEB63B5F}.Release|Any CPU.Build.0 = Release|Any CPU
		{E8AF62D3-EF64-1D63-A5EF-5C4E93A83901}.Debug|Any CPU.ActiveCfg = Debug|Any CPU
		{E8AF62D3-EF64-1D63-A5EF-5C4E93A83901}.Debug|Any CPU.Build.0 = Debug|Any CPU
		{E8AF62D3-EF64-1D63-A5EF-5C4E93A83901}.Release|Any CPU.ActiveCfg = Release|Any CPU
		{E8AF62D3-EF64-1D63-A5EF-5C4E93A83901}.Release|Any CPU.Build.0 = Release|Any CPU
		{81E0AEFA-1595-8423-7891-29FDB5408E3C}.Debug|Any CPU.ActiveCfg = Debug|Any CPU
		{81E0AEFA-1595-8423-7891-29FDB5408E3C}.Debug|Any CPU.Build.0 = Debug|Any CPU
		{81E0AEFA-1595-8423-7891-29FDB5408E3C}.Release|Any CPU.ActiveCfg = Release|Any CPU
		{81E0AEFA-1595-8423-7891-29FDB5408E3C}.Release|Any CPU.Build.0 = Release|Any CPU
		{F8E837B0-1451-681F-FE2D-7A4468BA1262}.Debug|Any CPU.ActiveCfg = Debug|Any CPU
		{F8E837B0-1451-681F-FE2D-7A4468BA1262}.Debug|Any CPU.Build.0 = Debug|Any CPU
		{F8E837B0-1451-681F-FE2D-7A4468BA1262}.Release|Any CPU.ActiveCfg = Release|Any CPU
		{F8E837B0-1451-681F-FE2D-7A4468BA1262}.Release|Any CPU.Build.0 = Release|Any CPU
		{CD61C20B-E181-E0CC-F0FF-7EC30455B2C8}.Debug|Any CPU.ActiveCfg = Debug|Any CPU
		{CD61C20B-E181-E0CC-F0FF-7EC30455B2C8}.Debug|Any CPU.Build.0 = Debug|Any CPU
		{CD61C20B-E181-E0CC-F0FF-7EC30455B2C8}.Release|Any CPU.ActiveCfg = Release|Any CPU
		{CD61C20B-E181-E0CC-F0FF-7EC30455B2C8}.Release|Any CPU.Build.0 = Release|Any CPU
		{4981AD70-0F21-4331-DD69-496B979F7153}.Debug|Any CPU.ActiveCfg = Debug|Any CPU
		{4981AD70-0F21-4331-DD69-496B979F7153}.Debug|Any CPU.Build.0 = Debug|Any CPU
		{4981AD70-0F21-4331-DD69-496B979F7153}.Release|Any CPU.ActiveCfg = Release|Any CPU
		{4981AD70-0F21-4331-DD69-496B979F7153}.Release|Any CPU.Build.0 = Release|Any CPU
		{6F098D23-FC6D-49D6-D13B-C9F49A12EC49}.Debug|Any CPU.ActiveCfg = Debug|Any CPU
		{6F098D23-FC6D-49D6-D13B-C9F49A12EC49}.Debug|Any CPU.Build.0 = Debug|Any CPU
		{6F098D23-FC6D-49D6-D13B-C9F49A12EC49}.Release|Any CPU.ActiveCfg = Release|Any CPU
		{6F098D23-FC6D-49D6-D13B-C9F49A12EC49}.Release|Any CPU.Build.0 = Release|Any CPU
		{76D7F990-1A73-689C-8E42-1033FBC45072}.Debug|Any CPU.ActiveCfg = Debug|Any CPU
		{76D7F990-1A73-689C-8E42-1033FBC45072}.Debug|Any CPU.Build.0 = Debug|Any CPU
		{76D7F990-1A73-689C-8E42-1033FBC45072}.Release|Any CPU.ActiveCfg = Release|Any CPU
		{76D7F990-1A73-689C-8E42-1033FBC45072}.Release|Any CPU.Build.0 = Release|Any CPU
		{67EE6735-6643-6211-343A-4135DC0CC99F}.Debug|Any CPU.ActiveCfg = Debug|Any CPU
		{67EE6735-6643-6211-343A-4135DC0CC99F}.Debug|Any CPU.Build.0 = Debug|Any CPU
		{67EE6735-6643-6211-343A-4135DC0CC99F}.Release|Any CPU.ActiveCfg = Release|Any CPU
		{67EE6735-6643-6211-343A-4135DC0CC99F}.Release|Any CPU.Build.0 = Release|Any CPU
		{69968360-67AC-64F2-1703-221A0907E7CF}.Debug|Any CPU.ActiveCfg = Debug|Any CPU
		{69968360-67AC-64F2-1703-221A0907E7CF}.Debug|Any CPU.Build.0 = Debug|Any CPU
		{69968360-67AC-64F2-1703-221A0907E7CF}.Release|Any CPU.ActiveCfg = Release|Any CPU
		{69968360-67AC-64F2-1703-221A0907E7CF}.Release|Any CPU.Build.0 = Release|Any CPU
		{912DAB39-74C0-958C-AAEA-11FE83848C4A}.Debug|Any CPU.ActiveCfg = Debug|Any CPU
		{912DAB39-74C0-958C-AAEA-11FE83848C4A}.Debug|Any CPU.Build.0 = Debug|Any CPU
		{912DAB39-74C0-958C-AAEA-11FE83848C4A}.Release|Any CPU.ActiveCfg = Release|Any CPU
		{912DAB39-74C0-958C-AAEA-11FE83848C4A}.Release|Any CPU.Build.0 = Release|Any CPU
		{C85D727E-ED22-CAA7-A9C6-55786CDE95F1}.Debug|Any CPU.ActiveCfg = Debug|Any CPU
		{C85D727E-ED22-CAA7-A9C6-55786CDE95F1}.Debug|Any CPU.Build.0 = Debug|Any CPU
		{C85D727E-ED22-CAA7-A9C6-55786CDE95F1}.Release|Any CPU.ActiveCfg = Release|Any CPU
		{C85D727E-ED22-CAA7-A9C6-55786CDE95F1}.Release|Any CPU.Build.0 = Release|Any CPU
		{FC16EFFC-4F12-9F7A-6647-6EFEE948D489}.Debug|Any CPU.ActiveCfg = Debug|Any CPU
		{FC16EFFC-4F12-9F7A-6647-6EFEE948D489}.Debug|Any CPU.Build.0 = Debug|Any CPU
		{FC16EFFC-4F12-9F7A-6647-6EFEE948D489}.Release|Any CPU.ActiveCfg = Release|Any CPU
		{FC16EFFC-4F12-9F7A-6647-6EFEE948D489}.Release|Any CPU.Build.0 = Release|Any CPU
		{648C4F42-FEFD-3649-81F9-3746222915D4}.Debug|Any CPU.ActiveCfg = Debug|Any CPU
		{648C4F42-FEFD-3649-81F9-3746222915D4}.Debug|Any CPU.Build.0 = Debug|Any CPU
		{648C4F42-FEFD-3649-81F9-3746222915D4}.Release|Any CPU.ActiveCfg = Release|Any CPU
		{648C4F42-FEFD-3649-81F9-3746222915D4}.Release|Any CPU.Build.0 = Release|Any CPU
		{F79EFC89-D228-8EA1-7F5F-039F71A471BA}.Debug|Any CPU.ActiveCfg = Debug|Any CPU
		{F79EFC89-D228-8EA1-7F5F-039F71A471BA}.Debug|Any CPU.Build.0 = Debug|Any CPU
		{F79EFC89-D228-8EA1-7F5F-039F71A471BA}.Release|Any CPU.ActiveCfg = Release|Any CPU
		{F79EFC89-D228-8EA1-7F5F-039F71A471BA}.Release|Any CPU.Build.0 = Release|Any CPU
		{110EDAEA-9B7D-3BB3-CF6D-CD2C2289B55C}.Debug|Any CPU.ActiveCfg = Debug|Any CPU
		{110EDAEA-9B7D-3BB3-CF6D-CD2C2289B55C}.Debug|Any CPU.Build.0 = Debug|Any CPU
		{110EDAEA-9B7D-3BB3-CF6D-CD2C2289B55C}.Release|Any CPU.ActiveCfg = Release|Any CPU
		{110EDAEA-9B7D-3BB3-CF6D-CD2C2289B55C}.Release|Any CPU.Build.0 = Release|Any CPU
		{4E7AF324-BC68-959A-97BC-05FAEF7ABB54}.Debug|Any CPU.ActiveCfg = Debug|Any CPU
		{4E7AF324-BC68-959A-97BC-05FAEF7ABB54}.Debug|Any CPU.Build.0 = Debug|Any CPU
		{4E7AF324-BC68-959A-97BC-05FAEF7ABB54}.Release|Any CPU.ActiveCfg = Release|Any CPU
		{4E7AF324-BC68-959A-97BC-05FAEF7ABB54}.Release|Any CPU.Build.0 = Release|Any CPU
		{631B9130-032C-AC52-1D51-FEE252EF0B11}.Debug|Any CPU.ActiveCfg = Debug|Any CPU
		{631B9130-032C-AC52-1D51-FEE252EF0B11}.Debug|Any CPU.Build.0 = Debug|Any CPU
		{631B9130-032C-AC52-1D51-FEE252EF0B11}.Release|Any CPU.ActiveCfg = Release|Any CPU
		{631B9130-032C-AC52-1D51-FEE252EF0B11}.Release|Any CPU.Build.0 = Release|Any CPU
		{6249BA70-B828-7E31-D474-AD919F227FAF}.Debug|Any CPU.ActiveCfg = Debug|Any CPU
		{6249BA70-B828-7E31-D474-AD919F227FAF}.Debug|Any CPU.Build.0 = Debug|Any CPU
		{6249BA70-B828-7E31-D474-AD919F227FAF}.Release|Any CPU.ActiveCfg = Release|Any CPU
		{6249BA70-B828-7E31-D474-AD919F227FAF}.Release|Any CPU.Build.0 = Release|Any CPU
		{1704A064-6A9F-A60E-AF15-6821122B3464}.Debug|Any CPU.ActiveCfg = Debug|Any CPU
		{1704A064-6A9F-A60E-AF15-6821122B3464}.Debug|Any CPU.Build.0 = Debug|Any CPU
		{1704A064-6A9F-A60E-AF15-6821122B3464}.Release|Any CPU.ActiveCfg = Release|Any CPU
		{1704A064-6A9F-A60E-AF15-6821122B3464}.Release|Any CPU.Build.0 = Release|Any CPU
		{18B632DA-3250-4206-B7D2-4803BC3F044B}.Debug|Any CPU.ActiveCfg = Debug|Any CPU
		{18B632DA-3250-4206-B7D2-4803BC3F044B}.Debug|Any CPU.Build.0 = Debug|Any CPU
		{18B632DA-3250-4206-B7D2-4803BC3F044B}.Release|Any CPU.ActiveCfg = Release|Any CPU
		{18B632DA-3250-4206-B7D2-4803BC3F044B}.Release|Any CPU.Build.0 = Release|Any CPU
		{5F88035E-6E58-BA27-CFF1-F2F4A3A8C3A5}.Debug|Any CPU.ActiveCfg = Debug|Any CPU
		{5F88035E-6E58-BA27-CFF1-F2F4A3A8C3A5}.Debug|Any CPU.Build.0 = Debug|Any CPU
		{5F88035E-6E58-BA27-CFF1-F2F4A3A8C3A5}.Release|Any CPU.ActiveCfg = Release|Any CPU
		{5F88035E-6E58-BA27-CFF1-F2F4A3A8C3A5}.Release|Any CPU.Build.0 = Release|Any CPU
		{3CC4E876-B666-1CF7-55D3-2C2EC0025889}.Debug|Any CPU.ActiveCfg = Debug|Any CPU
		{3CC4E876-B666-1CF7-55D3-2C2EC0025889}.Debug|Any CPU.Build.0 = Debug|Any CPU
		{3CC4E876-B666-1CF7-55D3-2C2EC0025889}.Release|Any CPU.ActiveCfg = Release|Any CPU
		{3CC4E876-B666-1CF7-55D3-2C2EC0025889}.Release|Any CPU.Build.0 = Release|Any CPU
		{8862EECD-0F15-5917-D1FE-C81067791DCC}.Debug|Any CPU.ActiveCfg = Debug|Any CPU
		{8862EECD-0F15-5917-D1FE-C81067791DCC}.Debug|Any CPU.Build.0 = Debug|Any CPU
		{8862EECD-0F15-5917-D1FE-C81067791DCC}.Release|Any CPU.ActiveCfg = Release|Any CPU
		{8862EECD-0F15-5917-D1FE-C81067791DCC}.Release|Any CPU.Build.0 = Release|Any CPU
		{5D90E1F2-6025-0103-1C0A-9CBCA5ABB299}.Debug|Any CPU.ActiveCfg = Debug|Any CPU
		{5D90E1F2-6025-0103-1C0A-9CBCA5ABB299}.Debug|Any CPU.Build.0 = Debug|Any CPU
		{5D90E1F2-6025-0103-1C0A-9CBCA5ABB299}.Release|Any CPU.ActiveCfg = Release|Any CPU
		{5D90E1F2-6025-0103-1C0A-9CBCA5ABB299}.Release|Any CPU.Build.0 = Release|Any CPU
		{D9FCB77C-9A18-5F40-6742-837C1A9C9801}.Debug|Any CPU.ActiveCfg = Debug|Any CPU
		{D9FCB77C-9A18-5F40-6742-837C1A9C9801}.Debug|Any CPU.Build.0 = Debug|Any CPU
		{D9FCB77C-9A18-5F40-6742-837C1A9C9801}.Release|Any CPU.ActiveCfg = Release|Any CPU
		{D9FCB77C-9A18-5F40-6742-837C1A9C9801}.Release|Any CPU.Build.0 = Release|Any CPU
		{3171A5E8-25DC-68E5-72CA-133383549400}.Debug|Any CPU.ActiveCfg = Debug|Any CPU
		{3171A5E8-25DC-68E5-72CA-133383549400}.Debug|Any CPU.Build.0 = Debug|Any CPU
		{3171A5E8-25DC-68E5-72CA-133383549400}.Release|Any CPU.ActiveCfg = Release|Any CPU
		{3171A5E8-25DC-68E5-72CA-133383549400}.Release|Any CPU.Build.0 = Release|Any CPU
		{A64D5365-7C20-828A-4487-1384AF512655}.Debug|Any CPU.ActiveCfg = Debug|Any CPU
		{A64D5365-7C20-828A-4487-1384AF512655}.Debug|Any CPU.Build.0 = Debug|Any CPU
		{A64D5365-7C20-828A-4487-1384AF512655}.Release|Any CPU.ActiveCfg = Release|Any CPU
		{A64D5365-7C20-828A-4487-1384AF512655}.Release|Any CPU.Build.0 = Release|Any CPU
		{27E14607-68A6-D534-E4F2-996FD08DDCDE}.Debug|Any CPU.ActiveCfg = Debug|Any CPU
		{27E14607-68A6-D534-E4F2-996FD08DDCDE}.Debug|Any CPU.Build.0 = Debug|Any CPU
		{27E14607-68A6-D534-E4F2-996FD08DDCDE}.Release|Any CPU.ActiveCfg = Release|Any CPU
		{27E14607-68A6-D534-E4F2-996FD08DDCDE}.Release|Any CPU.Build.0 = Release|Any CPU
		{C7926CDC-0DEC-A2BD-D23A-6330044EC694}.Debug|Any CPU.ActiveCfg = Debug|Any CPU
		{C7926CDC-0DEC-A2BD-D23A-6330044EC694}.Debug|Any CPU.Build.0 = Debug|Any CPU
		{C7926CDC-0DEC-A2BD-D23A-6330044EC694}.Release|Any CPU.ActiveCfg = Release|Any CPU
		{C7926CDC-0DEC-A2BD-D23A-6330044EC694}.Release|Any CPU.Build.0 = Release|Any CPU
		{90DCD4BA-2233-302F-4960-3DA761E1B9F5}.Debug|Any CPU.ActiveCfg = Debug|Any CPU
		{90DCD4BA-2233-302F-4960-3DA761E1B9F5}.Debug|Any CPU.Build.0 = Debug|Any CPU
		{90DCD4BA-2233-302F-4960-3DA761E1B9F5}.Release|Any CPU.ActiveCfg = Release|Any CPU
		{90DCD4BA-2233-302F-4960-3DA761E1B9F5}.Release|Any CPU.Build.0 = Release|Any CPU
		{6E9C232B-B09C-C895-36C1-172248B875BD}.Debug|Any CPU.ActiveCfg = Debug|Any CPU
		{6E9C232B-B09C-C895-36C1-172248B875BD}.Debug|Any CPU.Build.0 = Debug|Any CPU
		{6E9C232B-B09C-C895-36C1-172248B875BD}.Release|Any CPU.ActiveCfg = Release|Any CPU
		{6E9C232B-B09C-C895-36C1-172248B875BD}.Release|Any CPU.Build.0 = Release|Any CPU
		{47A99075-3602-9662-891F-5D6B2BAE8421}.Debug|Any CPU.ActiveCfg = Debug|Any CPU
		{47A99075-3602-9662-891F-5D6B2BAE8421}.Debug|Any CPU.Build.0 = Debug|Any CPU
		{47A99075-3602-9662-891F-5D6B2BAE8421}.Release|Any CPU.ActiveCfg = Release|Any CPU
		{47A99075-3602-9662-891F-5D6B2BAE8421}.Release|Any CPU.Build.0 = Release|Any CPU
		{EE393192-7937-F3D5-CAA5-3FFCCADC752D}.Debug|Any CPU.ActiveCfg = Debug|Any CPU
		{EE393192-7937-F3D5-CAA5-3FFCCADC752D}.Debug|Any CPU.Build.0 = Debug|Any CPU
		{EE393192-7937-F3D5-CAA5-3FFCCADC752D}.Release|Any CPU.ActiveCfg = Release|Any CPU
		{EE393192-7937-F3D5-CAA5-3FFCCADC752D}.Release|Any CPU.Build.0 = Release|Any CPU
		{1AEE103C-43B4-5031-87AD-CDD23D15A319}.Debug|Any CPU.ActiveCfg = Debug|Any CPU
		{1AEE103C-43B4-5031-87AD-CDD23D15A319}.Debug|Any CPU.Build.0 = Debug|Any CPU
		{1AEE103C-43B4-5031-87AD-CDD23D15A319}.Release|Any CPU.ActiveCfg = Release|Any CPU
		{1AEE103C-43B4-5031-87AD-CDD23D15A319}.Release|Any CPU.Build.0 = Release|Any CPU
		{CF8E9177-5CA5-73C2-A02C-D3D8560B7766}.Debug|Any CPU.ActiveCfg = Debug|Any CPU
		{CF8E9177-5CA5-73C2-A02C-D3D8560B7766}.Debug|Any CPU.Build.0 = Debug|Any CPU
		{CF8E9177-5CA5-73C2-A02C-D3D8560B7766}.Release|Any CPU.ActiveCfg = Release|Any CPU
		{CF8E9177-5CA5-73C2-A02C-D3D8560B7766}.Release|Any CPU.Build.0 = Release|Any CPU
		{7E06FAEB-277D-209A-D250-BE3644B040FE}.Debug|Any CPU.ActiveCfg = Debug|Any CPU
		{7E06FAEB-277D-209A-D250-BE3644B040FE}.Debug|Any CPU.Build.0 = Debug|Any CPU
		{7E06FAEB-277D-209A-D250-BE3644B040FE}.Release|Any CPU.ActiveCfg = Release|Any CPU
		{7E06FAEB-277D-209A-D250-BE3644B040FE}.Release|Any CPU.Build.0 = Release|Any CPU
		{CBB59CB1-9D77-2B1B-8324-4C7FA56F2CBC}.Debug|Any CPU.ActiveCfg = Debug|Any CPU
		{CBB59CB1-9D77-2B1B-8324-4C7FA56F2CBC}.Debug|Any CPU.Build.0 = Debug|Any CPU
		{CBB59CB1-9D77-2B1B-8324-4C7FA56F2CBC}.Release|Any CPU.ActiveCfg = Release|Any CPU
		{CBB59CB1-9D77-2B1B-8324-4C7FA56F2CBC}.Release|Any CPU.Build.0 = Release|Any CPU
		{29B9ACAF-EEF9-CF79-320B-B773E7B544CD}.Debug|Any CPU.ActiveCfg = Debug|Any CPU
		{29B9ACAF-EEF9-CF79-320B-B773E7B544CD}.Debug|Any CPU.Build.0 = Debug|Any CPU
		{29B9ACAF-EEF9-CF79-320B-B773E7B544CD}.Release|Any CPU.ActiveCfg = Release|Any CPU
		{29B9ACAF-EEF9-CF79-320B-B773E7B544CD}.Release|Any CPU.Build.0 = Release|Any CPU
		{E103C325-CC44-B5F4-15F9-F948B56263D2}.Debug|Any CPU.ActiveCfg = Debug|Any CPU
		{E103C325-CC44-B5F4-15F9-F948B56263D2}.Debug|Any CPU.Build.0 = Debug|Any CPU
		{E103C325-CC44-B5F4-15F9-F948B56263D2}.Release|Any CPU.ActiveCfg = Release|Any CPU
		{E103C325-CC44-B5F4-15F9-F948B56263D2}.Release|Any CPU.Build.0 = Release|Any CPU
		{0D0236E0-DD7B-3458-41B3-A2B121224382}.Debug|Any CPU.ActiveCfg = Debug|Any CPU
		{0D0236E0-DD7B-3458-41B3-A2B121224382}.Debug|Any CPU.Build.0 = Debug|Any CPU
		{0D0236E0-DD7B-3458-41B3-A2B121224382}.Release|Any CPU.ActiveCfg = Release|Any CPU
		{0D0236E0-DD7B-3458-41B3-A2B121224382}.Release|Any CPU.Build.0 = Release|Any CPU
		{5BE9A420-F37C-D82E-4086-3027FA13DCD5}.Debug|Any CPU.ActiveCfg = Debug|Any CPU
		{5BE9A420-F37C-D82E-4086-3027FA13DCD5}.Debug|Any CPU.Build.0 = Debug|Any CPU
		{5BE9A420-F37C-D82E-4086-3027FA13DCD5}.Release|Any CPU.ActiveCfg = Release|Any CPU
		{5BE9A420-F37C-D82E-4086-3027FA13DCD5}.Release|Any CPU.Build.0 = Release|Any CPU
		{39B9E28D-3D70-545D-DFDD-70FB0DA71493}.Debug|Any CPU.ActiveCfg = Debug|Any CPU
		{39B9E28D-3D70-545D-DFDD-70FB0DA71493}.Debug|Any CPU.Build.0 = Debug|Any CPU
		{39B9E28D-3D70-545D-DFDD-70FB0DA71493}.Release|Any CPU.ActiveCfg = Release|Any CPU
		{39B9E28D-3D70-545D-DFDD-70FB0DA71493}.Release|Any CPU.Build.0 = Release|Any CPU
		{01CE3061-4ACB-1068-EB00-0132899BF310}.Debug|Any CPU.ActiveCfg = Debug|Any CPU
		{01CE3061-4ACB-1068-EB00-0132899BF310}.Debug|Any CPU.Build.0 = Debug|Any CPU
		{01CE3061-4ACB-1068-EB00-0132899BF310}.Release|Any CPU.ActiveCfg = Release|Any CPU
		{01CE3061-4ACB-1068-EB00-0132899BF310}.Release|Any CPU.Build.0 = Release|Any CPU
		{414BB035-40E5-86FA-F8E8-80527F90C981}.Debug|Any CPU.ActiveCfg = Debug|Any CPU
		{414BB035-40E5-86FA-F8E8-80527F90C981}.Debug|Any CPU.Build.0 = Debug|Any CPU
		{414BB035-40E5-86FA-F8E8-80527F90C981}.Release|Any CPU.ActiveCfg = Release|Any CPU
		{414BB035-40E5-86FA-F8E8-80527F90C981}.Release|Any CPU.Build.0 = Release|Any CPU
		{8DE1587F-904F-1C86-09D5-E4D08277422C}.Debug|Any CPU.ActiveCfg = Debug|Any CPU
		{8DE1587F-904F-1C86-09D5-E4D08277422C}.Debug|Any CPU.Build.0 = Debug|Any CPU
		{8DE1587F-904F-1C86-09D5-E4D08277422C}.Release|Any CPU.ActiveCfg = Release|Any CPU
		{8DE1587F-904F-1C86-09D5-E4D08277422C}.Release|Any CPU.Build.0 = Release|Any CPU
		{5B510961-5DEA-75A8-B9E4-72CADBB21592}.Debug|Any CPU.ActiveCfg = Debug|Any CPU
		{5B510961-5DEA-75A8-B9E4-72CADBB21592}.Debug|Any CPU.Build.0 = Debug|Any CPU
		{5B510961-5DEA-75A8-B9E4-72CADBB21592}.Release|Any CPU.ActiveCfg = Release|Any CPU
		{5B510961-5DEA-75A8-B9E4-72CADBB21592}.Release|Any CPU.Build.0 = Release|Any CPU
		{6877D814-857C-EE8C-4305-F9B79874BCCC}.Debug|Any CPU.ActiveCfg = Debug|Any CPU
		{6877D814-857C-EE8C-4305-F9B79874BCCC}.Debug|Any CPU.Build.0 = Debug|Any CPU
		{6877D814-857C-EE8C-4305-F9B79874BCCC}.Release|Any CPU.ActiveCfg = Release|Any CPU
		{6877D814-857C-EE8C-4305-F9B79874BCCC}.Release|Any CPU.Build.0 = Release|Any CPU
		{28E81316-809E-C883-C109-8186BC9EC7E0}.Debug|Any CPU.ActiveCfg = Debug|Any CPU
		{28E81316-809E-C883-C109-8186BC9EC7E0}.Debug|Any CPU.Build.0 = Debug|Any CPU
		{28E81316-809E-C883-C109-8186BC9EC7E0}.Release|Any CPU.ActiveCfg = Release|Any CPU
		{28E81316-809E-C883-C109-8186BC9EC7E0}.Release|Any CPU.Build.0 = Release|Any CPU
		{CBC2845C-10B4-1C72-AA3A-C6B38EDC7E14}.Debug|Any CPU.ActiveCfg = Debug|Any CPU
		{CBC2845C-10B4-1C72-AA3A-C6B38EDC7E14}.Debug|Any CPU.Build.0 = Debug|Any CPU
		{CBC2845C-10B4-1C72-AA3A-C6B38EDC7E14}.Release|Any CPU.ActiveCfg = Release|Any CPU
		{CBC2845C-10B4-1C72-AA3A-C6B38EDC7E14}.Release|Any CPU.Build.0 = Release|Any CPU
		{700DF615-E49C-C9CB-5D71-F954B0714D53}.Debug|Any CPU.ActiveCfg = Debug|Any CPU
		{700DF615-E49C-C9CB-5D71-F954B0714D53}.Debug|Any CPU.Build.0 = Debug|Any CPU
		{700DF615-E49C-C9CB-5D71-F954B0714D53}.Release|Any CPU.ActiveCfg = Release|Any CPU
		{700DF615-E49C-C9CB-5D71-F954B0714D53}.Release|Any CPU.Build.0 = Release|Any CPU
		{431A4AE3-97E6-2B20-3DC9-FF6B6DC3E8CA}.Debug|Any CPU.ActiveCfg = Debug|Any CPU
		{431A4AE3-97E6-2B20-3DC9-FF6B6DC3E8CA}.Debug|Any CPU.Build.0 = Debug|Any CPU
		{431A4AE3-97E6-2B20-3DC9-FF6B6DC3E8CA}.Release|Any CPU.ActiveCfg = Release|Any CPU
		{431A4AE3-97E6-2B20-3DC9-FF6B6DC3E8CA}.Release|Any CPU.Build.0 = Release|Any CPU
		{1FA3244E-B2E0-93F6-4F01-FBB9F5E673F7}.Debug|Any CPU.ActiveCfg = Debug|Any CPU
		{1FA3244E-B2E0-93F6-4F01-FBB9F5E673F7}.Debug|Any CPU.Build.0 = Debug|Any CPU
		{1FA3244E-B2E0-93F6-4F01-FBB9F5E673F7}.Release|Any CPU.ActiveCfg = Release|Any CPU
		{1FA3244E-B2E0-93F6-4F01-FBB9F5E673F7}.Release|Any CPU.Build.0 = Release|Any CPU
		{A090ABB6-7401-F6B5-218E-61B35F1B804E}.Debug|Any CPU.ActiveCfg = Debug|Any CPU
		{A090ABB6-7401-F6B5-218E-61B35F1B804E}.Debug|Any CPU.Build.0 = Debug|Any CPU
		{A090ABB6-7401-F6B5-218E-61B35F1B804E}.Release|Any CPU.ActiveCfg = Release|Any CPU
		{A090ABB6-7401-F6B5-218E-61B35F1B804E}.Release|Any CPU.Build.0 = Release|Any CPU
		{F54A915D-6C37-BDBC-8A30-0ED2B1F76F71}.Debug|Any CPU.ActiveCfg = Debug|Any CPU
		{F54A915D-6C37-BDBC-8A30-0ED2B1F76F71}.Debug|Any CPU.Build.0 = Debug|Any CPU
		{F54A915D-6C37-BDBC-8A30-0ED2B1F76F71}.Release|Any CPU.ActiveCfg = Release|Any CPU
		{F54A915D-6C37-BDBC-8A30-0ED2B1F76F71}.Release|Any CPU.Build.0 = Release|Any CPU
		{B26E6A74-DDE2-51D9-FDCE-B79F8C4FCAA1}.Debug|Any CPU.ActiveCfg = Debug|Any CPU
		{B26E6A74-DDE2-51D9-FDCE-B79F8C4FCAA1}.Debug|Any CPU.Build.0 = Debug|Any CPU
		{B26E6A74-DDE2-51D9-FDCE-B79F8C4FCAA1}.Release|Any CPU.ActiveCfg = Release|Any CPU
		{B26E6A74-DDE2-51D9-FDCE-B79F8C4FCAA1}.Release|Any CPU.Build.0 = Release|Any CPU
		{93D7E5F1-6BAC-D528-F6AF-EA38EA6F6FEE}.Debug|Any CPU.ActiveCfg = Debug|Any CPU
		{93D7E5F1-6BAC-D528-F6AF-EA38EA6F6FEE}.Debug|Any CPU.Build.0 = Debug|Any CPU
		{93D7E5F1-6BAC-D528-F6AF-EA38EA6F6FEE}.Release|Any CPU.ActiveCfg = Release|Any CPU
		{93D7E5F1-6BAC-D528-F6AF-EA38EA6F6FEE}.Release|Any CPU.Build.0 = Release|Any CPU
		{D0A5D805-215F-6243-DD90-AE83F284615A}.Debug|Any CPU.ActiveCfg = Debug|Any CPU
		{D0A5D805-215F-6243-DD90-AE83F284615A}.Debug|Any CPU.Build.0 = Debug|Any CPU
		{D0A5D805-215F-6243-DD90-AE83F284615A}.Release|Any CPU.ActiveCfg = Release|Any CPU
		{D0A5D805-215F-6243-DD90-AE83F284615A}.Release|Any CPU.Build.0 = Release|Any CPU
	EndGlobalSection
	GlobalSection(SolutionProperties) = preSolution
		HideSolutionNode = FALSE
	EndGlobalSection
EndGlobal
